
Microsoft Visual Studio Solution File, Format Version 12.00
# Visual Studio 15
VisualStudioVersion = 15.0.25901.0
MinimumVisualStudioVersion = 10.0.40219.1
Project("{FAE04EC0-301F-11D3-BF4B-00C04F79EFBC}") = "Trainer", "src\BikeWorkOutTraining\BikeSharing.Trainer\Trainer.csproj", "{654589C9-7515-4EE6-BA51-C3A9195AD609}"
EndProject
Project("{FAE04EC0-301F-11D3-BF4B-00C04F79EFBC}") = "TrainerTests", "src\BikeWorkOutTraining\BikeSharing.Trainer.Tests\TrainerTests.csproj", "{4ADADA20-157A-492A-A04A-47460B2DA835}"
EndProject
Global
	GlobalSection(SolutionConfigurationPlatforms) = preSolution
		Debug|Any CPU = Debug|Any CPU
		Release|Any CPU = Release|Any CPU
	EndGlobalSection
	GlobalSection(ProjectConfigurationPlatforms) = postSolution
		{654589C9-7515-4EE6-BA51-C3A9195AD609}.Debug|Any CPU.ActiveCfg = Debug|Any CPU
		{654589C9-7515-4EE6-BA51-C3A9195AD609}.Debug|Any CPU.Build.0 = Debug|Any CPU
		{654589C9-7515-4EE6-BA51-C3A9195AD609}.Release|Any CPU.ActiveCfg = Release|Any CPU
		{654589C9-7515-4EE6-BA51-C3A9195AD609}.Release|Any CPU.Build.0 = Release|Any CPU
		{4ADADA20-157A-492A-A04A-47460B2DA835}.Debug|Any CPU.ActiveCfg = Debug|Any CPU
		{4ADADA20-157A-492A-A04A-47460B2DA835}.Debug|Any CPU.Build.0 = Debug|Any CPU
		{4ADADA20-157A-492A-A04A-47460B2DA835}.Release|Any CPU.ActiveCfg = Release|Any CPU
		{4ADADA20-157A-492A-A04A-47460B2DA835}.Release|Any CPU.Build.0 = Release|Any CPU
	EndGlobalSection
	GlobalSection(SolutionProperties) = preSolution
		HideSolutionNode = FALSE
	EndGlobalSection
EndGlobal
